// !$*UTF8*$!
{
	archiveVersion = 1;
	classes = {
	};
	objectVersion = 56;
	objects = {

/* Begin PBXBuildFile section */
		FC7E65D32969DB0F008958FE /* CarsVC.swift in Sources */ = {isa = PBXBuildFile; fileRef = FC7E65D22969DB0F008958FE /* CarsVC.swift */; };
		FC7E65D52969DED4008958FE /* CarsViewController.swift in Sources */ = {isa = PBXBuildFile; fileRef = FC7E65D42969DED4008958FE /* CarsViewController.swift */; };
		FCEFD7542969D162006ABC32 /* AppDelegate.swift in Sources */ = {isa = PBXBuildFile; fileRef = FCEFD7532969D162006ABC32 /* AppDelegate.swift */; };
		FCEFD7562969D162006ABC32 /* SceneDelegate.swift in Sources */ = {isa = PBXBuildFile; fileRef = FCEFD7552969D162006ABC32 /* SceneDelegate.swift */; };
		FCEFD7582969D162006ABC32 /* ViewController.swift in Sources */ = {isa = PBXBuildFile; fileRef = FCEFD7572969D162006ABC32 /* ViewController.swift */; };
		FCEFD75B2969D162006ABC32 /* Main.storyboard in Resources */ = {isa = PBXBuildFile; fileRef = FCEFD7592969D162006ABC32 /* Main.storyboard */; };
		FCEFD75D2969D164006ABC32 /* Assets.xcassets in Resources */ = {isa = PBXBuildFile; fileRef = FCEFD75C2969D164006ABC32 /* Assets.xcassets */; };
		FCEFD7602969D164006ABC32 /* LaunchScreen.storyboard in Resources */ = {isa = PBXBuildFile; fileRef = FCEFD75E2969D164006ABC32 /* LaunchScreen.storyboard */; };
		FCEFD7682969D1BE006ABC32 /* Cars.swift in Sources */ = {isa = PBXBuildFile; fileRef = FCEFD7672969D1BE006ABC32 /* Cars.swift */; };
/* End PBXBuildFile section */

/* Begin PBXFileReference section */
		FC7E65D22969DB0F008958FE /* CarsVC.swift */ = {isa = PBXFileReference; lastKnownFileType = sourcecode.swift; path = CarsVC.swift; sourceTree = "<group>"; };
		FC7E65D42969DED4008958FE /* CarsViewController.swift */ = {isa = PBXFileReference; lastKnownFileType = sourcecode.swift; path = CarsViewController.swift; sourceTree = "<group>"; };
		FCEFD7502969D162006ABC32 /* CarsMovieCollection.app */ = {isa = PBXFileReference; explicitFileType = wrapper.application; includeInIndex = 0; path = CarsMovieCollection.app; sourceTree = BUILT_PRODUCTS_DIR; };
		FCEFD7532969D162006ABC32 /* AppDelegate.swift */ = {isa = PBXFileReference; lastKnownFileType = sourcecode.swift; path = AppDelegate.swift; sourceTree = "<group>"; };
		FCEFD7552969D162006ABC32 /* SceneDelegate.swift */ = {isa = PBXFileReference; lastKnownFileType = sourcecode.swift; path = SceneDelegate.swift; sourceTree = "<group>"; };
		FCEFD7572969D162006ABC32 /* ViewController.swift */ = {isa = PBXFileReference; lastKnownFileType = sourcecode.swift; path = ViewController.swift; sourceTree = "<group>"; };
		FCEFD75A2969D162006ABC32 /* Base */ = {isa = PBXFileReference; lastKnownFileType = file.storyboard; name = Base; path = Base.lproj/Main.storyboard; sourceTree = "<group>"; };
		FCEFD75C2969D164006ABC32 /* Assets.xcassets */ = {isa = PBXFileReference; lastKnownFileType = folder.assetcatalog; path = Assets.xcassets; sourceTree = "<group>"; };
		FCEFD75F2969D164006ABC32 /* Base */ = {isa = PBXFileReference; lastKnownFileType = file.storyboard; name = Base; path = Base.lproj/LaunchScreen.storyboard; sourceTree = "<group>"; };
		FCEFD7612969D164006ABC32 /* Info.plist */ = {isa = PBXFileReference; lastKnownFileType = text.plist.xml; path = Info.plist; sourceTree = "<group>"; };
		FCEFD7672969D1BE006ABC32 /* Cars.swift */ = {isa = PBXFileReference; lastKnownFileType = sourcecode.swift; path = Cars.swift; sourceTree = "<group>"; };
/* End PBXFileReference section */

/* Begin PBXFrameworksBuildPhase section */
		FCEFD74D2969D162006ABC32 /* Frameworks */ = {
			isa = PBXFrameworksBuildPhase;
			buildActionMask = 2147483647;
			files = (
			);
			runOnlyForDeploymentPostprocessing = 0;
		};
/* End PBXFrameworksBuildPhase section */

/* Begin PBXGroup section */
		FCEFD7472969D162006ABC32 = {
			isa = PBXGroup;
			children = (
				FCEFD7522969D162006ABC32 /* CarsMovieCollection */,
				FCEFD7512969D162006ABC32 /* Products */,
			);
			sourceTree = "<group>";
		};
		FCEFD7512969D162006ABC32 /* Products */ = {
			isa = PBXGroup;
			children = (
				FCEFD7502969D162006ABC32 /* CarsMovieCollection.app */,
			);
			name = Products;
			sourceTree = "<group>";
		};
		FCEFD7522969D162006ABC32 /* CarsMovieCollection */ = {
			isa = PBXGroup;
			children = (
				FCEFD7532969D162006ABC32 /* AppDelegate.swift */,
				FCEFD7552969D162006ABC32 /* SceneDelegate.swift */,
				FCEFD7572969D162006ABC32 /* ViewController.swift */,
				FC7E65D42969DED4008958FE /* CarsViewController.swift */,
				FC7E65D22969DB0F008958FE /* CarsVC.swift */,
				FCEFD7672969D1BE006ABC32 /* Cars.swift */,
				FCEFD7592969D162006ABC32 /* Main.storyboard */,
				FCEFD75C2969D164006ABC32 /* Assets.xcassets */,
				FCEFD75E2969D164006ABC32 /* LaunchScreen.storyboard */,
				FCEFD7612969D164006ABC32 /* Info.plist */,
			);
			path = CarsMovieCollection;
			sourceTree = "<group>";
		};
/* End PBXGroup section */

/* Begin PBXNativeTarget section */
		FCEFD74F2969D162006ABC32 /* CarsMovieCollection */ = {
			isa = PBXNativeTarget;
			buildConfigurationList = FCEFD7642969D164006ABC32 /* Build configuration list for PBXNativeTarget "CarsMovieCollection" */;
			buildPhases = (
				FCEFD74C2969D162006ABC32 /* Sources */,
				FCEFD74D2969D162006ABC32 /* Frameworks */,
				FCEFD74E2969D162006ABC32 /* Resources */,
			);
			buildRules = (
			);
			dependencies = (
			);
			name = CarsMovieCollection;
			productName = CarsMovieCollection;
			productReference = FCEFD7502969D162006ABC32 /* CarsMovieCollection.app */;
			productType = "com.apple.product-type.application";
		};
/* End PBXNativeTarget section */

/* Begin PBXProject section */
		FCEFD7482969D162006ABC32 /* Project object */ = {
			isa = PBXProject;
			attributes = {
				BuildIndependentTargetsInParallel = 1;
				LastSwiftUpdateCheck = 1400;
				LastUpgradeCheck = 1400;
				TargetAttributes = {
					FCEFD74F2969D162006ABC32 = {
						CreatedOnToolsVersion = 14.0;
					};
				};
			};
			buildConfigurationList = FCEFD74B2969D162006ABC32 /* Build configuration list for PBXProject "CarsMovieCollection" */;
			compatibilityVersion = "Xcode 14.0";
			developmentRegion = en;
			hasScannedForEncodings = 0;
			knownRegions = (
				en,
				Base,
			);
			mainGroup = FCEFD7472969D162006ABC32;
			productRefGroup = FCEFD7512969D162006ABC32 /* Products */;
			projectDirPath = "";
			projectRoot = "";
			targets = (
				FCEFD74F2969D162006ABC32 /* CarsMovieCollection */,
			);
		};
/* End PBXProject section */

/* Begin PBXResourcesBuildPhase section */
		FCEFD74E2969D162006ABC32 /* Resources */ = {
			isa = PBXResourcesBuildPhase;
			buildActionMask = 2147483647;
			files = (
				FCEFD7602969D164006ABC32 /* LaunchScreen.storyboard in Resources */,
				FCEFD75D2969D164006ABC32 /* Assets.xcassets in Resources */,
				FCEFD75B2969D162006ABC32 /* Main.storyboard in Resources */,
			);
			runOnlyForDeploymentPostprocessing = 0;
		};
/* End PBXResourcesBuildPhase section */

/* Begin PBXSourcesBuildPhase section */
		FCEFD74C2969D162006ABC32 /* Sources */ = {
			isa = PBXSourcesBuildPhase;
			buildActionMask = 2147483647;
			files = (
				FCEFD7582969D162006ABC32 /* ViewController.swift in Sources */,
				FCEFD7542969D162006ABC32 /* AppDelegate.swift in Sources */,
				FCEFD7682969D1BE006ABC32 /* Cars.swift in Sources */,
				FCEFD7562969D162006ABC32 /* SceneDelegate.swift in Sources */,
				FC7E65D32969DB0F008958FE /* CarsVC.swift in Sources */,
				FC7E65D52969DED4008958FE /* CarsViewController.swift in Sources */,
			);
			runOnlyForDeploymentPostprocessing = 0;
		};
/* End PBXSourcesBuildPhase section */

/* Begin PBXVariantGroup section */
		FCEFD7592969D162006ABC32 /* Main.storyboard */ = {
			isa = PBXVariantGroup;
			children = (
				FCEFD75A2969D162006ABC32 /* Base */,
			);
			name = Main.storyboard;
			sourceTree = "<group>";
		};
		FCEFD75E2969D164006ABC32 /* LaunchScreen.storyboard */ = {
			isa = PBXVariantGroup;
			children = (
				FCEFD75F2969D164006ABC32 /* Base */,
			);
			name = LaunchScreen.storyboard;
			sourceTree = "<group>";
		};
/* End PBXVariantGroup section */

/* Begin XCBuildConfiguration section */
		FCEFD7622969D164006ABC32 /* Debug */ = {
			isa = XCBuildConfiguration;
			buildSettings = {
				ALWAYS_SEARCH_USER_PATHS = NO;
				CLANG_ANALYZER_NONNULL = YES;
				CLANG_ANALYZER_NUMBER_OBJECT_CONVERSION = YES_AGGRESSIVE;
				CLANG_CXX_LANGUAGE_STANDARD = "gnu++20";
				CLANG_ENABLE_MODULES = YES;
				CLANG_ENABLE_OBJC_ARC = YES;
				CLANG_ENABLE_OBJC_WEAK = YES;
				CLANG_WARN_BLOCK_CAPTURE_AUTORELEASING = YES;
				CLANG_WARN_BOOL_CONVERSION = YES;
				CLANG_WARN_COMMA = YES;
				CLANG_WARN_CONSTANT_CONVERSION = YES;
				CLANG_WARN_DEPRECATED_OBJC_IMPLEMENTATIONS = YES;
				CLANG_WARN_DIRECT_OBJC_ISA_USAGE = YES_ERROR;
				CLANG_WARN_DOCUMENTATION_COMMENTS = YES;
				CLANG_WARN_EMPTY_BODY = YES;
				CLANG_WARN_ENUM_CONVERSION = YES;
				CLANG_WARN_INFINITE_RECURSION = YES;
				CLANG_WARN_INT_CONVERSION = YES;
				CLANG_WARN_NON_LITERAL_NULL_CONVERSION = YES;
				CLANG_WARN_OBJC_IMPLICIT_RETAIN_SELF = YES;
				CLANG_WARN_OBJC_LITERAL_CONVERSION = YES;
				CLANG_WARN_OBJC_ROOT_CLASS = YES_ERROR;
				CLANG_WARN_QUOTED_INCLUDE_IN_FRAMEWORK_HEADER = YES;
				CLANG_WARN_RANGE_LOOP_ANALYSIS = YES;
				CLANG_WARN_STRICT_PROTOTYPES = YES;
				CLANG_WARN_SUSPICIOUS_MOVE = YES;
				CLANG_WARN_UNGUARDED_AVAILABILITY = YES_AGGRESSIVE;
				CLANG_WARN_UNREACHABLE_CODE = YES;
				CLANG_WARN__DUPLICATE_METHOD_MATCH = YES;
				COPY_PHASE_STRIP = NO;
				DEBUG_INFORMATION_FORMAT = dwarf;
				ENABLE_STRICT_OBJC_MSGSEND = YES;
				ENABLE_TESTABILITY = YES;
				GCC_C_LANGUAGE_STANDARD = gnu11;
				GCC_DYNAMIC_NO_PIC = NO;
				GCC_NO_COMMON_BLOCKS = YES;
				GCC_OPTIMIZATION_LEVEL = 0;
				GCC_PREPROCESSOR_DEFINITIONS = (
					"DEBUG=1",
					"$(inherited)",
				);
				GCC_WARN_64_TO_32_BIT_CONVERSION = YES;
				GCC_WARN_ABOUT_RETURN_TYPE = YES_ERROR;
				GCC_WARN_UNDECLARED_SELECTOR = YES;
				GCC_WARN_UNINITIALIZED_AUTOS = YES_AGGRESSIVE;
				GCC_WARN_UNUSED_FUNCTION = YES;
				GCC_WARN_UNUSED_VARIABLE = YES;
				IPHONEOS_DEPLOYMENT_TARGET = 16.0;
				MTL_ENABLE_DEBUG_INFO = INCLUDE_SOURCE;
				MTL_FAST_MATH = YES;
				ONLY_ACTIVE_ARCH = YES;
				SDKROOT = iphoneos;
				SWIFT_ACTIVE_COMPILATION_CONDITIONS = DEBUG;
				SWIFT_OPTIMIZATION_LEVEL = "-Onone";
			};
			name = Debug;
		};
		FCEFD7632969D164006ABC32 /* Release */ = {
			isa = XCBuildConfiguration;
			buildSettings = {
				ALWAYS_SEARCH_USER_PATHS = NO;
				CLANG_ANALYZER_NONNULL = YES;
				CLANG_ANALYZER_NUMBER_OBJECT_CONVERSION = YES_AGGRESSIVE;
				CLANG_CXX_LANGUAGE_STANDARD = "gnu++20";
				CLANG_ENABLE_MODULES = YES;
				CLANG_ENABLE_OBJC_ARC = YES;
				CLANG_ENABLE_OBJC_WEAK = YES;
				CLANG_WARN_BLOCK_CAPTURE_AUTORELEASING = YES;
				CLANG_WARN_BOOL_CONVERSION = YES;
				CLANG_WARN_COMMA = YES;
				CLANG_WARN_CONSTANT_CONVERSION = YES;
				CLANG_WARN_DEPRECATED_OBJC_IMPLEMENTATIONS = YES;
				CLANG_WARN_DIRECT_OBJC_ISA_USAGE = YES_ERROR;
				CLANG_WARN_DOCUMENTATION_COMMENTS = YES;
				CLANG_WARN_EMPTY_BODY = YES;
				CLANG_WARN_ENUM_CONVERSION = YES;
				CLANG_WARN_INFINITE_RECURSION = YES;
				CLANG_WARN_INT_CONVERSION = YES;
				CLANG_WARN_NON_LITERAL_NULL_CONVERSION = YES;
				CLANG_WARN_OBJC_IMPLICIT_RETAIN_SELF = YES;
				CLANG_WARN_OBJC_LITERAL_CONVERSION = YES;
				CLANG_WARN_OBJC_ROOT_CLASS = YES_ERROR;
				CLANG_WARN_QUOTED_INCLUDE_IN_FRAMEWORK_HEADER = YES;
				CLANG_WARN_RANGE_LOOP_ANALYSIS = YES;
				CLANG_WARN_STRICT_PROTOTYPES = YES;
				CLANG_WARN_SUSPICIOUS_MOVE = YES;
				CLANG_WARN_UNGUARDED_AVAILABILITY = YES_AGGRESSIVE;
				CLANG_WARN_UNREACHABLE_CODE = YES;
				CLANG_WARN__DUPLICATE_METHOD_MATCH = YES;
				COPY_PHASE_STRIP = NO;
				DEBUG_INFORMATION_FORMAT = "dwarf-with-dsym";
				ENABLE_NS_ASSERTIONS = NO;
				ENABLE_STRICT_OBJC_MSGSEND = YES;
				GCC_C_LANGUAGE_STANDARD = gnu11;
				GCC_NO_COMMON_BLOCKS = YES;
				GCC_WARN_64_TO_32_BIT_CONVERSION = YES;
				GCC_WARN_ABOUT_RETURN_TYPE = YES_ERROR;
				GCC_WARN_UNDECLARED_SELECTOR = YES;
				GCC_WARN_UNINITIALIZED_AUTOS = YES_AGGRESSIVE;
				GCC_WARN_UNUSED_FUNCTION = YES;
				GCC_WARN_UNUSED_VARIABLE = YES;
				IPHONEOS_DEPLOYMENT_TARGET = 16.0;
				MTL_ENABLE_DEBUG_INFO = NO;
				MTL_FAST_MATH = YES;
				SDKROOT = iphoneos;
				SWIFT_COMPILATION_MODE = wholemodule;
				SWIFT_OPTIMIZATION_LEVEL = "-O";
				VALIDATE_PRODUCT = YES;
			};
			name = Release;
		};
		FCEFD7652969D164006ABC32 /* Debug */ = {
			isa = XCBuildConfiguration;
			buildSettings = {
				ASSETCATALOG_COMPILER_APPICON_NAME = AppIcon;
				ASSETCATALOG_COMPILER_GLOBAL_ACCENT_COLOR_NAME = AccentColor;
				CODE_SIGN_STYLE = Automatic;
				CURRENT_PROJECT_VERSION = 1;
				DEVELOPMENT_TEAM = 2NJ36HSDH2;
				GENERATE_INFOPLIST_FILE = YES;
				INFOPLIST_FILE = CarsMovieCollection/Info.plist;
				INFOPLIST_KEY_UIApplicationSupportsIndirectInputEvents = YES;
				INFOPLIST_KEY_UILaunchStoryboardName = LaunchScreen;
				INFOPLIST_KEY_UIMainStoryboardFile = Main;
				INFOPLIST_KEY_UISupportedInterfaceOrientations_iPad = "UIInterfaceOrientationPortrait UIInterfaceOrientationPortraitUpsideDown UIInterfaceOrientationLandscapeLeft UIInterfaceOrientationLandscapeRight";
				INFOPLIST_KEY_UISupportedInterfaceOrientations_iPhone = "UIInterfaceOrientationPortrait UIInterfaceOrientationLandscapeLeft UIInterfaceOrientationLandscapeRight";
				LD_RUNPATH_SEARCH_PATHS = (
					"$(inherited)",
					"@executable_path/Frameworks",
				);
				MARKETING_VERSION = 1.0;
				PRODUCT_BUNDLE_IDENTIFIER = com.atalaycavusoglu.CarsMovieCollection;
				PRODUCT_NAME = "$(TARGET_NAME)";
				SWIFT_EMIT_LOC_STRINGS = YES;
				SWIFT_VERSION = 5.0;
				TARGETED_DEVICE_FAMILY = "1,2";
			};
			name = Debug;
		};
		FCEFD7662969D164006ABC32 /* Release */ = {
			isa = XCBuildConfiguration;
			buildSettings = {
				ASSETCATALOG_COMPILER_APPICON_NAME = AppIcon;
				ASSETCATALOG_COMPILER_GLOBAL_ACCENT_COLOR_NAME = AccentColor;
				CODE_SIGN_STYLE = Automatic;
				CURRENT_PROJECT_VERSION = 1;
				DEVELOPMENT_TEAM = 2NJ36HSDH2;
				GENERATE_INFOPLIST_FILE = YES;
				INFOPLIST_FILE = CarsMovieCollection/Info.plist;
				INFOPLIST_KEY_UIApplicationSupportsIndirectInputEvents = YES;
				INFOPLIST_KEY_UILaunchStoryboardName = LaunchScreen;
				INFOPLIST_KEY_UIMainStoryboardFile = Main;
				INFOPLIST_KEY_UISupportedInterfaceOrientations_iPad = "UIInterfaceOrientationPortrait UIInterfaceOrientationPortraitUpsideDown UIInterfaceOrientationLandscapeLeft UIInterfaceOrientationLandscapeRight";
				INFOPLIST_KEY_UISupportedInterfaceOrientations_iPhone = "UIInterfaceOrientationPortrait UIInterfaceOrientationLandscapeLeft UIInterfaceOrientationLandscapeRight";
				LD_RUNPATH_SEARCH_PATHS = (
					"$(inherited)",
					"@executable_path/Frameworks",
				);
				MARKETING_VERSION = 1.0;
				PRODUCT_BUNDLE_IDENTIFIER = com.atalaycavusoglu.CarsMovieCollection;
				PRODUCT_NAME = "$(TARGET_NAME)";
				SWIFT_EMIT_LOC_STRINGS = YES;
				SWIFT_VERSION = 5.0;
				TARGETED_DEVICE_FAMILY = "1,2";
			};
			name = Release;
		};
/* End XCBuildConfiguration section */

/* Begin XCConfigurationList section */
		FCEFD74B2969D162006ABC32 /* Build configuration list for PBXProject "CarsMovieCollection" */ = {
			isa = XCConfigurationList;
			buildConfigurations = (
				FCEFD7622969D164006ABC32 /* Debug */,
				FCEFD7632969D164006ABC32 /* Release */,
			);
			defaultConfigurationIsVisible = 0;
			defaultConfigurationName = Release;
		};
		FCEFD7642969D164006ABC32 /* Build configuration list for PBXNativeTarget "CarsMovieCollection" */ = {
			isa = XCConfigurationList;
			buildConfigurations = (
				FCEFD7652969D164006ABC32 /* Debug */,
				FCEFD7662969D164006ABC32 /* Release */,
			);
			defaultConfigurationIsVisible = 0;
			defaultConfigurationName = Release;
		};
/* End XCConfigurationList section */
	};
	rootObject = FCEFD7482969D162006ABC32 /* Project object */;
}
